
Microsoft Visual Studio Solution File, Format Version 12.00
# Visual Studio Version 16
VisualStudioVersion = 16.0.32228.343
MinimumVisualStudioVersion = 10.0.40219.1
Project("{FAE04EC0-301F-11D3-BF4B-00C04F79EFBC}") = "SimpleHeartBeatService", "SimpleHeartBeatService\SimpleHeartBeatService.csproj", "{4A7D289B-1959-4441-8B10-9C32C7F9D9DB}"
EndProject
Global
	GlobalSection(SolutionConfigurationPlatforms) = preSolution
		Debug|Any CPU = Debug|Any CPU
		Release|Any CPU = Release|Any CPU
	EndGlobalSection
	GlobalSection(ProjectConfigurationPlatforms) = postSolution
		{4A7D289B-1959-4441-8B10-9C32C7F9D9DB}.Debug|Any CPU.ActiveCfg = Debug|Any CPU
		{4A7D289B-1959-4441-8B10-9C32C7F9D9DB}.Debug|Any CPU.Build.0 = Debug|Any CPU
		{4A7D289B-1959-4441-8B10-9C32C7F9D9DB}.Release|Any CPU.ActiveCfg = Release|Any CPU
		{4A7D289B-1959-4441-8B10-9C32C7F9D9DB}.Release|Any CPU.Build.0 = Release|Any CPU
	EndGlobalSection
	GlobalSection(SolutionProperties) = preSolution
		HideSolutionNode = FALSE
	EndGlobalSection
	GlobalSection(ExtensibilityGlobals) = postSolution
		SolutionGuid = {A86EEEB1-0990-4C22-A189-0B183980473C}
	EndGlobalSection
EndGlobal
